// !$*UTF8*$!
{
	archiveVersion = 1;
	classes = {
	};
	objectVersion = 46;
	objects = {

/* Begin PBXBuildFile section */
		612EA8051C78F895001BB2B8 /* noteShareVC.swift in Sources */ = {isa = PBXBuildFile; fileRef = 612EA8041C78F895001BB2B8 /* noteShareVC.swift */; };
		9A7A03461C782D15009C78D9 /* AppDelegate.swift in Sources */ = {isa = PBXBuildFile; fileRef = 9A7A03451C782D15009C78D9 /* AppDelegate.swift */; };
		9A7A03481C782D15009C78D9 /* detailViewController.swift in Sources */ = {isa = PBXBuildFile; fileRef = 9A7A03471C782D15009C78D9 /* detailViewController.swift */; };
		9A7A034B1C782D15009C78D9 /* Main.storyboard in Resources */ = {isa = PBXBuildFile; fileRef = 9A7A03491C782D15009C78D9 /* Main.storyboard */; };
		9A7A034D1C782D15009C78D9 /* Assets.xcassets in Resources */ = {isa = PBXBuildFile; fileRef = 9A7A034C1C782D15009C78D9 /* Assets.xcassets */; };
		9A7A03501C782D15009C78D9 /* LaunchScreen.storyboard in Resources */ = {isa = PBXBuildFile; fileRef = 9A7A034E1C782D15009C78D9 /* LaunchScreen.storyboard */; };
/* End PBXBuildFile section */

/* Begin PBXFileReference section */
		612EA8041C78F895001BB2B8 /* noteShareVC.swift */ = {isa = PBXFileReference; fileEncoding = 4; lastKnownFileType = sourcecode.swift; path = noteShareVC.swift; sourceTree = "<group>"; };
		9A7A03421C782D15009C78D9 /* NoteShare.app */ = {isa = PBXFileReference; explicitFileType = wrapper.application; includeInIndex = 0; path = NoteShare.app; sourceTree = BUILT_PRODUCTS_DIR; };
		9A7A03451C782D15009C78D9 /* AppDelegate.swift */ = {isa = PBXFileReference; lastKnownFileType = sourcecode.swift; path = AppDelegate.swift; sourceTree = "<group>"; };
		9A7A03471C782D15009C78D9 /* detailViewController.swift */ = {isa = PBXFileReference; lastKnownFileType = sourcecode.swift; path = detailViewController.swift; sourceTree = "<group>"; };
		9A7A034A1C782D15009C78D9 /* Base */ = {isa = PBXFileReference; lastKnownFileType = file.storyboard; name = Base; path = Base.lproj/Main.storyboard; sourceTree = "<group>"; };
		9A7A034C1C782D15009C78D9 /* Assets.xcassets */ = {isa = PBXFileReference; lastKnownFileType = folder.assetcatalog; path = Assets.xcassets; sourceTree = "<group>"; };
		9A7A034F1C782D15009C78D9 /* Base */ = {isa = PBXFileReference; lastKnownFileType = file.storyboard; name = Base; path = Base.lproj/LaunchScreen.storyboard; sourceTree = "<group>"; };
		9A7A03511C782D15009C78D9 /* Info.plist */ = {isa = PBXFileReference; lastKnownFileType = text.plist.xml; path = Info.plist; sourceTree = "<group>"; };
/* End PBXFileReference section */

/* Begin PBXFrameworksBuildPhase section */
		9A7A033F1C782D15009C78D9 /* Frameworks */ = {
			isa = PBXFrameworksBuildPhase;
			buildActionMask = 2147483647;
			files = (
			);
			runOnlyForDeploymentPostprocessing = 0;
		};
/* End PBXFrameworksBuildPhase section */

/* Begin PBXGroup section */
		9A7A03391C782D15009C78D9 = {
			isa = PBXGroup;
			children = (
				9A7A03441C782D15009C78D9 /* NoteShare */,
				9A7A03431C782D15009C78D9 /* Products */,
			);
			sourceTree = "<group>";
		};
		9A7A03431C782D15009C78D9 /* Products */ = {
			isa = PBXGroup;
			children = (
				9A7A03421C782D15009C78D9 /* NoteShare.app */,
			);
			name = Products;
			sourceTree = "<group>";
		};
		9A7A03441C782D15009C78D9 /* NoteShare */ = {
			isa = PBXGroup;
			children = (
				9A7A03451C782D15009C78D9 /* AppDelegate.swift */,
				9A7A03471C782D15009C78D9 /* detailViewController.swift */,
				612EA8041C78F895001BB2B8 /* noteShareVC.swift */,
				9A7A03491C782D15009C78D9 /* Main.storyboard */,
				9A7A034C1C782D15009C78D9 /* Assets.xcassets */,
				9A7A034E1C782D15009C78D9 /* LaunchScreen.storyboard */,
				9A7A03511C782D15009C78D9 /* Info.plist */,
			);
			path = NoteShare;
			sourceTree = "<group>";
		};
/* End PBXGroup section */

/* Begin PBXNativeTarget section */
		9A7A03411C782D15009C78D9 /* NoteShare */ = {
			isa = PBXNativeTarget;
			buildConfigurationList = 9A7A03541C782D15009C78D9 /* Build configuration list for PBXNativeTarget "NoteShare" */;
			buildPhases = (
				9A7A033E1C782D15009C78D9 /* Sources */,
				9A7A033F1C782D15009C78D9 /* Frameworks */,
				9A7A03401C782D15009C78D9 /* Resources */,
			);
			buildRules = (
			);
			dependencies = (
			);
			name = NoteShare;
			productName = NoteShare;
			productReference = 9A7A03421C782D15009C78D9 /* NoteShare.app */;
			productType = "com.apple.product-type.application";
		};
/* End PBXNativeTarget section */

/* Begin PBXProject section */
		9A7A033A1C782D15009C78D9 /* Project object */ = {
			isa = PBXProject;
			attributes = {
				LastSwiftUpdateCheck = 0720;
				LastUpgradeCheck = 0720;
				ORGANIZATIONNAME = "#teambae";
				TargetAttributes = {
					9A7A03411C782D15009C78D9 = {
						CreatedOnToolsVersion = 7.2.1;
						DevelopmentTeam = Y92JPPG79K;
						SystemCapabilities = {
							com.apple.Push = {
								enabled = 1;
							};
						};
					};
				};
			};
			buildConfigurationList = 9A7A033D1C782D15009C78D9 /* Build configuration list for PBXProject "NoteShare" */;
			compatibilityVersion = "Xcode 3.2";
			developmentRegion = English;
			hasScannedForEncodings = 0;
			knownRegions = (
				en,
				Base,
			);
			mainGroup = 9A7A03391C782D15009C78D9;
			productRefGroup = 9A7A03431C782D15009C78D9 /* Products */;
			projectDirPath = "";
			projectRoot = "";
			targets = (
				9A7A03411C782D15009C78D9 /* NoteShare */,
			);
		};
/* End PBXProject section */

/* Begin PBXResourcesBuildPhase section */
		9A7A03401C782D15009C78D9 /* Resources */ = {
			isa = PBXResourcesBuildPhase;
			buildActionMask = 2147483647;
			files = (
				9A7A03501C782D15009C78D9 /* LaunchScreen.storyboard in Resources */,
				9A7A034D1C782D15009C78D9 /* Assets.xcassets in Resources */,
				9A7A034B1C782D15009C78D9 /* Main.storyboard in Resources */,
			);
			runOnlyForDeploymentPostprocessing = 0;
		};
/* End PBXResourcesBuildPhase section */

/* Begin PBXSourcesBuildPhase section */
		9A7A033E1C782D15009C78D9 /* Sources */ = {
			isa = PBXSourcesBuildPhase;
			buildActionMask = 2147483647;
			files = (
				9A7A03481C782D15009C78D9 /* detailViewController.swift in Sources */,
				9A7A03461C782D15009C78D9 /* AppDelegate.swift in Sources */,
				612EA8051C78F895001BB2B8 /* noteShareVC.swift in Sources */,
			);
			runOnlyForDeploymentPostprocessing = 0;
		};
/* End PBXSourcesBuildPhase section */

/* Begin PBXVariantGroup section */
		9A7A03491C782D15009C78D9 /* Main.storyboard */ = {
			isa = PBXVariantGroup;
			children = (
				9A7A034A1C782D15009C78D9 /* Base */,
			);
			name = Main.storyboard;
			sourceTree = "<group>";
		};
		9A7A034E1C782D15009C78D9 /* LaunchScreen.storyboard */ = {
			isa = PBXVariantGroup;
			children = (
				9A7A034F1C782D15009C78D9 /* Base */,
			);
			name = LaunchScreen.storyboard;
			sourceTree = "<group>";
		};
/* End PBXVariantGroup section */

/* Begin XCBuildConfiguration section */
		9A7A03521C782D15009C78D9 /* Debug */ = {
			isa = XCBuildConfiguration;
			buildSettings = {
				ALWAYS_SEARCH_USER_PATHS = NO;
				CLANG_CXX_LANGUAGE_STANDARD = "gnu++0x";
				CLANG_CXX_LIBRARY = "libc++";
				CLANG_ENABLE_MODULES = YES;
				CLANG_ENABLE_OBJC_ARC = YES;
				CLANG_WARN_BOOL_CONVERSION = YES;
				CLANG_WARN_CONSTANT_CONVERSION = YES;
				CLANG_WARN_DIRECT_OBJC_ISA_USAGE = YES_ERROR;
				CLANG_WARN_EMPTY_BODY = YES;
				CLANG_WARN_ENUM_CONVERSION = YES;
				CLANG_WARN_INT_CONVERSION = YES;
				CLANG_WARN_OBJC_ROOT_CLASS = YES_ERROR;
				CLANG_WARN_UNREACHABLE_CODE = YES;
				CLANG_WARN__DUPLICATE_METHOD_MATCH = YES;
				"CODE_SIGN_IDENTITY[sdk=iphoneos*]" = "iPhone Developer";
				COPY_PHASE_STRIP = NO;
				DEBUG_INFORMATION_FORMAT = dwarf;
				ENABLE_STRICT_OBJC_MSGSEND = YES;
				ENABLE_TESTABILITY = YES;
				GCC_C_LANGUAGE_STANDARD = gnu99;
				GCC_DYNAMIC_NO_PIC = NO;
				GCC_NO_COMMON_BLOCKS = YES;
				GCC_OPTIMIZATION_LEVEL = 0;
				GCC_PREPROCESSOR_DEFINITIONS = (
					"DEBUG=1",
					"$(inherited)",
				);
				GCC_WARN_64_TO_32_BIT_CONVERSION = YES;
				GCC_WARN_ABOUT_RETURN_TYPE = YES_ERROR;
				GCC_WARN_UNDECLARED_SELECTOR = YES;
				GCC_WARN_UNINITIALIZED_AUTOS = YES_AGGRESSIVE;
				GCC_WARN_UNUSED_FUNCTION = YES;
				GCC_WARN_UNUSED_VARIABLE = YES;
				IPHONEOS_DEPLOYMENT_TARGET = 9.2;
				MTL_ENABLE_DEBUG_INFO = YES;
				ONLY_ACTIVE_ARCH = YES;
				SDKROOT = iphoneos;
				SWIFT_OPTIMIZATION_LEVEL = "-Onone";
			};
			name = Debug;
		};
		9A7A03531C782D15009C78D9 /* Release */ = {
			isa = XCBuildConfiguration;
			buildSettings = {
				ALWAYS_SEARCH_USER_PATHS = NO;
				CLANG_CXX_LANGUAGE_STANDARD = "gnu++0x";
				CLANG_CXX_LIBRARY = "libc++";
				CLANG_ENABLE_MODULES = YES;
				CLANG_ENABLE_OBJC_ARC = YES;
				CLANG_WARN_BOOL_CONVERSION = YES;
				CLANG_WARN_CONSTANT_CONVERSION = YES;
				CLANG_WARN_DIRECT_OBJC_ISA_USAGE = YES_ERROR;
				CLANG_WARN_EMPTY_BODY = YES;
				CLANG_WARN_ENUM_CONVERSION = YES;
				CLANG_WARN_INT_CONVERSION = YES;
				CLANG_WARN_OBJC_ROOT_CLASS = YES_ERROR;
				CLANG_WARN_UNREACHABLE_CODE = YES;
				CLANG_WARN__DUPLICATE_METHOD_MATCH = YES;
				"CODE_SIGN_IDENTITY[sdk=iphoneos*]" = "iPhone Developer";
				COPY_PHASE_STRIP = NO;
				DEBUG_INFORMATION_FORMAT = "dwarf-with-dsym";
				ENABLE_NS_ASSERTIONS = NO;
				ENABLE_STRICT_OBJC_MSGSEND = YES;
				GCC_C_LANGUAGE_STANDARD = gnu99;
				GCC_NO_COMMON_BLOCKS = YES;
				GCC_WARN_64_TO_32_BIT_CONVERSION = YES;
				GCC_WARN_ABOUT_RETURN_TYPE = YES_ERROR;
				GCC_WARN_UNDECLARED_SELECTOR = YES;
				GCC_WARN_UNINITIALIZED_AUTOS = YES_AGGRESSIVE;
				GCC_WARN_UNUSED_FUNCTION = YES;
				GCC_WARN_UNUSED_VARIABLE = YES;
				IPHONEOS_DEPLOYMENT_TARGET = 9.2;
				MTL_ENABLE_DEBUG_INFO = NO;
				SDKROOT = iphoneos;
				VALIDATE_PRODUCT = YES;
			};
			name = Release;
		};
		9A7A03551C782D15009C78D9 /* Debug */ = {
			isa = XCBuildConfiguration;
			buildSettings = {
				ASSETCATALOG_COMPILER_APPICON_NAME = AppIcon;
				CODE_SIGN_IDENTITY = "iPhone Developer";
				"CODE_SIGN_IDENTITY[sdk=iphoneos*]" = "iPhone Developer";
				INFOPLIST_FILE = NoteShare/Info.plist;
				LD_RUNPATH_SEARCH_PATHS = "$(inherited) @executable_path/Frameworks";
				PRODUCT_BUNDLE_IDENTIFIER = TB.NoteShare;
				PRODUCT_NAME = "$(TARGET_NAME)";
				PROVISIONING_PROFILE = "";
			};
			name = Debug;
		};
		9A7A03561C782D15009C78D9 /* Release */ = {
			isa = XCBuildConfiguration;
			buildSettings = {
				ASSETCATALOG_COMPILER_APPICON_NAME = AppIcon;
				CODE_SIGN_IDENTITY = "iPhone Developer";
				"CODE_SIGN_IDENTITY[sdk=iphoneos*]" = "iPhone Developer";
				INFOPLIST_FILE = NoteShare/Info.plist;
				LD_RUNPATH_SEARCH_PATHS = "$(inherited) @executable_path/Frameworks";
				PRODUCT_BUNDLE_IDENTIFIER = TB.NoteShare;
				PRODUCT_NAME = "$(TARGET_NAME)";
				PROVISIONING_PROFILE = "";
			};
			name = Release;
		};
/* End XCBuildConfiguration section */

/* Begin XCConfigurationList section */
		9A7A033D1C782D15009C78D9 /* Build configuration list for PBXProject "NoteShare" */ = {
			isa = XCConfigurationList;
			buildConfigurations = (
				9A7A03521C782D15009C78D9 /* Debug */,
				9A7A03531C782D15009C78D9 /* Release */,
			);
			defaultConfigurationIsVisible = 0;
			defaultConfigurationName = Release;
		};
		9A7A03541C782D15009C78D9 /* Build configuration list for PBXNativeTarget "NoteShare" */ = {
			isa = XCConfigurationList;
			buildConfigurations = (
				9A7A03551C782D15009C78D9 /* Debug */,
				9A7A03561C782D15009C78D9 /* Release */,
			);
			defaultConfigurationIsVisible = 0;
			defaultConfigurationName = Release;
		};
/* End XCConfigurationList section */
	};
	rootObject = 9A7A033A1C782D15009C78D9 /* Project object */;
}
